
Microsoft Visual Studio Solution File, Format Version 12.00
# Visual Studio 15
VisualStudioVersion = 15.0.27703.2042
MinimumVisualStudioVersion = 10.0.40219.1
Project("{888888A0-9F3D-457C-B088-3A5042F75D52}") = "myflask", "myflask\myflask.pyproj", "{24567F9C-9351-4283-B40D-1184F3C556B0}"
EndProject
Global
	GlobalSection(SolutionConfigurationPlatforms) = preSolution
		Debug|Any CPU = Debug|Any CPU
		Release|Any CPU = Release|Any CPU
	EndGlobalSection
	GlobalSection(ProjectConfigurationPlatforms) = postSolution
		{24567F9C-9351-4283-B40D-1184F3C556B0}.Debug|Any CPU.ActiveCfg = Debug|Any CPU
		{24567F9C-9351-4283-B40D-1184F3C556B0}.Debug|Any CPU.Build.0 = Debug|Any CPU
		{24567F9C-9351-4283-B40D-1184F3C556B0}.Release|Any CPU.ActiveCfg = Release|Any CPU
		{24567F9C-9351-4283-B40D-1184F3C556B0}.Release|Any CPU.Build.0 = Release|Any CPU
	EndGlobalSection
	GlobalSection(SolutionProperties) = preSolution
		HideSolutionNode = FALSE
	EndGlobalSection
	GlobalSection(ExtensibilityGlobals) = postSolution
		SolutionGuid = {6ACE7541-406F-4CED-A722-33A6227DB809}
	EndGlobalSection
EndGlobal
